
Microsoft Visual Studio Solution File, Format Version 12.00
# Visual Studio Version 16
VisualStudioVersion = 16.0.31005.135
MinimumVisualStudioVersion = 10.0.40219.1
Project("{FAE04EC0-301F-11D3-BF4B-00C04F79EFBC}") = "OOD_Task3", "OOD_Task3\OOD_Task3.csproj", "{E2EB3FF4-1D8D-4730-9C9B-55F4FE35315F}"
EndProject
Global
	GlobalSection(SolutionConfigurationPlatforms) = preSolution
		Debug|Any CPU = Debug|Any CPU
		Release|Any CPU = Release|Any CPU
	EndGlobalSection
	GlobalSection(ProjectConfigurationPlatforms) = postSolution
		{E2EB3FF4-1D8D-4730-9C9B-55F4FE35315F}.Debug|Any CPU.ActiveCfg = Debug|Any CPU
		{E2EB3FF4-1D8D-4730-9C9B-55F4FE35315F}.Debug|Any CPU.Build.0 = Debug|Any CPU
		{E2EB3FF4-1D8D-4730-9C9B-55F4FE35315F}.Release|Any CPU.ActiveCfg = Release|Any CPU
		{E2EB3FF4-1D8D-4730-9C9B-55F4FE35315F}.Release|Any CPU.Build.0 = Release|Any CPU
	EndGlobalSection
	GlobalSection(SolutionProperties) = preSolution
		HideSolutionNode = FALSE
	EndGlobalSection
	GlobalSection(ExtensibilityGlobals) = postSolution
		SolutionGuid = {F3F67117-817D-41F9-8077-0BF212DA9928}
	EndGlobalSection
EndGlobal
